
Microsoft Visual Studio Solution File, Format Version 12.00
# Visual Studio Version 17
VisualStudioVersion = 17.10.35027.167
MinimumVisualStudioVersion = 10.0.40219.1
Project("{9A19103F-16F7-4668-BE54-9A1E7A4F7556}") = "NativeLibUse", "NativeLibUse\NativeLibUse.csproj", "{891BFA93-2C16-4B56-BD0D-5DDBFDB7FB65}"
EndProject
Global
	GlobalSection(SolutionConfigurationPlatforms) = preSolution
		Debug|Any CPU = Debug|Any CPU
		Debug|x64 = Debug|x64
		Release|Any CPU = Release|Any CPU
		Release|x64 = Release|x64
	EndGlobalSection
	GlobalSection(ProjectConfigurationPlatforms) = postSolution
		{891BFA93-2C16-4B56-BD0D-5DDBFDB7FB65}.Debug|Any CPU.ActiveCfg = Debug|Any CPU
		{891BFA93-2C16-4B56-BD0D-5DDBFDB7FB65}.Debug|Any CPU.Build.0 = Debug|Any CPU
		{891BFA93-2C16-4B56-BD0D-5DDBFDB7FB65}.Debug|x64.ActiveCfg = Debug|x64
		{891BFA93-2C16-4B56-BD0D-5DDBFDB7FB65}.Debug|x64.Build.0 = Debug|x64
		{891BFA93-2C16-4B56-BD0D-5DDBFDB7FB65}.Release|Any CPU.ActiveCfg = Release|Any CPU
		{891BFA93-2C16-4B56-BD0D-5DDBFDB7FB65}.Release|Any CPU.Build.0 = Release|Any CPU
		{891BFA93-2C16-4B56-BD0D-5DDBFDB7FB65}.Release|x64.ActiveCfg = Release|x64
		{891BFA93-2C16-4B56-BD0D-5DDBFDB7FB65}.Release|x64.Build.0 = Release|x64
	EndGlobalSection
	GlobalSection(SolutionProperties) = preSolution
		HideSolutionNode = FALSE
	EndGlobalSection
	GlobalSection(ExtensibilityGlobals) = postSolution
		SolutionGuid = {B9FEE9BD-71EA-4C77-AE51-B982368068CC}
	EndGlobalSection
EndGlobal
