
Microsoft Visual Studio Solution File, Format Version 12.00
# Visual Studio Version 17
VisualStudioVersion = 17.10.35027.167
MinimumVisualStudioVersion = 10.0.40219.1
Project("{9A19103F-16F7-4668-BE54-9A1E7A4F7556}") = "csharp_vs_cpp", "csharp_vs_cpp.csproj", "{FE02AA88-8410-4563-9E84-E7DE911805B5}"
EndProject
Global
	GlobalSection(SolutionConfigurationPlatforms) = preSolution
		Debug|Any CPU = Debug|Any CPU
		Debug|x64 = Debug|x64
		Release|Any CPU = Release|Any CPU
		Release|x64 = Release|x64
	EndGlobalSection
	GlobalSection(ProjectConfigurationPlatforms) = postSolution
		{FE02AA88-8410-4563-9E84-E7DE911805B5}.Debug|Any CPU.ActiveCfg = Debug|Any CPU
		{FE02AA88-8410-4563-9E84-E7DE911805B5}.Debug|Any CPU.Build.0 = Debug|Any CPU
		{FE02AA88-8410-4563-9E84-E7DE911805B5}.Debug|x64.ActiveCfg = Debug|x64
		{FE02AA88-8410-4563-9E84-E7DE911805B5}.Debug|x64.Build.0 = Debug|x64
		{FE02AA88-8410-4563-9E84-E7DE911805B5}.Release|Any CPU.ActiveCfg = Release|Any CPU
		{FE02AA88-8410-4563-9E84-E7DE911805B5}.Release|Any CPU.Build.0 = Release|Any CPU
		{FE02AA88-8410-4563-9E84-E7DE911805B5}.Release|x64.ActiveCfg = Release|x64
		{FE02AA88-8410-4563-9E84-E7DE911805B5}.Release|x64.Build.0 = Release|x64
	EndGlobalSection
	GlobalSection(SolutionProperties) = preSolution
		HideSolutionNode = FALSE
	EndGlobalSection
	GlobalSection(ExtensibilityGlobals) = postSolution
		SolutionGuid = {807F6500-D2F3-4160-AEE1-EFF1C01E134A}
	EndGlobalSection
EndGlobal
